
Microsoft Visual Studio Solution File, Format Version 12.00
# Visual Studio Version 17
VisualStudioVersion = 17.2.32616.157
MinimumVisualStudioVersion = 10.0.40219.1
Project("{151D2E53-A2C4-4D7D-83FE-D05416EBD58E}") = "yayak.db", "yayak.db\yayak.db.deployproj", "{98E5EF4D-B3E4-4F93-8066-26AF57DE7A7A}"
EndProject
Project("{2150E333-8FDC-42A3-9474-1A3956D46DE8}") = "deployment", "deployment", "{6A1DDEC7-CFBB-4CEB-A68D-422D31029676}"
EndProject
Project("{2150E333-8FDC-42A3-9474-1A3956D46DE8}") = "database", "database", "{B28BCC3B-DD81-4BC3-BB1D-05155A7581CB}"
EndProject
Global
	GlobalSection(SolutionConfigurationPlatforms) = preSolution
		Debug|Any CPU = Debug|Any CPU
		Release|Any CPU = Release|Any CPU
	EndGlobalSection
	GlobalSection(ProjectConfigurationPlatforms) = postSolution
		{98E5EF4D-B3E4-4F93-8066-26AF57DE7A7A}.Debug|Any CPU.ActiveCfg = Debug|Any CPU
		{98E5EF4D-B3E4-4F93-8066-26AF57DE7A7A}.Debug|Any CPU.Build.0 = Debug|Any CPU
		{98E5EF4D-B3E4-4F93-8066-26AF57DE7A7A}.Release|Any CPU.ActiveCfg = Release|Any CPU
		{98E5EF4D-B3E4-4F93-8066-26AF57DE7A7A}.Release|Any CPU.Build.0 = Release|Any CPU
	EndGlobalSection
	GlobalSection(SolutionProperties) = preSolution
		HideSolutionNode = FALSE
	EndGlobalSection
	GlobalSection(NestedProjects) = preSolution
		{98E5EF4D-B3E4-4F93-8066-26AF57DE7A7A} = {6A1DDEC7-CFBB-4CEB-A68D-422D31029676}
	EndGlobalSection
	GlobalSection(ExtensibilityGlobals) = postSolution
		SolutionGuid = {D2BBF7F6-21B9-48E5-BE8D-CDBA8A184DBD}
	EndGlobalSection
EndGlobal
